
Microsoft Visual Studio Solution File, Format Version 12.00
# Visual Studio Version 17
VisualStudioVersion = 17.5.33516.290
MinimumVisualStudioVersion = 10.0.40219.1
Project("{FAE04EC0-301F-11D3-BF4B-00C04F79EFBC}") = "WpfApp1", "WpfApp1.csproj", "{2A4E8850-16D3-4AB1-B342-7E4C07BEBDD7}"
EndProject
Global
	GlobalSection(SolutionConfigurationPlatforms) = preSolution
		Debug|Any CPU = Debug|Any CPU
		Release|Any CPU = Release|Any CPU
	EndGlobalSection
	GlobalSection(ProjectConfigurationPlatforms) = postSolution
		{2A4E8850-16D3-4AB1-B342-7E4C07BEBDD7}.Debug|Any CPU.ActiveCfg = Debug|Any CPU
		{2A4E8850-16D3-4AB1-B342-7E4C07BEBDD7}.Debug|Any CPU.Build.0 = Debug|Any CPU
		{2A4E8850-16D3-4AB1-B342-7E4C07BEBDD7}.Release|Any CPU.ActiveCfg = Release|Any CPU
		{2A4E8850-16D3-4AB1-B342-7E4C07BEBDD7}.Release|Any CPU.Build.0 = Release|Any CPU
	EndGlobalSection
	GlobalSection(SolutionProperties) = preSolution
		HideSolutionNode = FALSE
	EndGlobalSection
	GlobalSection(ExtensibilityGlobals) = postSolution
		SolutionGuid = {6D2A76D2-D86C-4DEC-AD79-52F7F31A02CF}
	EndGlobalSection
EndGlobal
